
Microsoft Visual Studio Solution File, Format Version 12.00
# Visual Studio Version 17
VisualStudioVersion = 17.0.31903.59
MinimumVisualStudioVersion = 10.0.40219.1
Project("{FAE04EC0-301F-11D3-BF4B-00C04F79EFBC}") = "BikeRental.Domain", "BikeRental.Domain\BikeRental.Domain.csproj", "{EA80A8FA-2166-4934-ACCD-9727AC81E9E3}"
EndProject
Project("{FAE04EC0-301F-11D3-BF4B-00C04F79EFBC}") = "BikeRental.Tests", "BikeRental.tests\BikeRental.Tests.csproj", "{8F46C700-46B8-466B-B4B3-5D6C5E777CA3}"
EndProject
Project("{FAE04EC0-301F-11D3-BF4B-00C04F79EFBC}") = "BikeRental.Infrastructure", "BikeRental.Infrastructure\BikeRental.Infrastructure.csproj", "{CBD36BF3-8BBD-4F18-91CA-1B2B4E273B05}"
EndProject
Project("{FAE04EC0-301F-11D3-BF4B-00C04F79EFBC}") = "BikeRental.Api", "BikeRental.Api\BikeRental.Api.csproj", "{B56D8775-D260-41F4-993E-37C20E95E062}"
EndProject
Project("{FAE04EC0-301F-11D3-BF4B-00C04F79EFBC}") = "BikeRental.AppHost", "BikeRental.AppHost\BikeRental.AppHost.csproj", "{671D5355-D818-428A-8991-88AF52038483}"
EndProject
Project("{FAE04EC0-301F-11D3-BF4B-00C04F79EFBC}") = "BikeRental.ServiceDefaults", "BikeRental.ServiceDefaults\BikeRental.ServiceDefaults.csproj", "{31411E8B-E604-426F-BE73-1504E8AB6265}"
EndProject
Project("{FAE04EC0-301F-11D3-BF4B-00C04F79EFBC}") = "BikeRental.Contracts", "BikeRental.Contracts\BikeRental.Contracts.csproj", "{A842B64F-7B71-4B3D-8C0B-D18864584EE7}"
EndProject
Project("{FAE04EC0-301F-11D3-BF4B-00C04F79EFBC}") = "BikeRental.Application", "BikeRental.Application\BikeRental.Application.csproj", "{9FDB84A3-AC99-49E0-AF43-393C8C4993D1}"
EndProject
Project("{FAE04EC0-301F-11D3-BF4B-00C04F79EFBC}") = "BikeRental.Generator.Grpc.Host", "BikeRental.Generator.Grpc.Host\BikeRental.Generator.Grpc.Host.csproj", "{91F354D3-C92D-4DC3-8000-94BC4B63440B}"
EndProject
Global
	GlobalSection(SolutionConfigurationPlatforms) = preSolution
		Debug|Any CPU = Debug|Any CPU
		Debug|x64 = Debug|x64
		Debug|x86 = Debug|x86
		Release|Any CPU = Release|Any CPU
		Release|x64 = Release|x64
		Release|x86 = Release|x86
	EndGlobalSection
	GlobalSection(ProjectConfigurationPlatforms) = postSolution
		{EA80A8FA-2166-4934-ACCD-9727AC81E9E3}.Debug|Any CPU.ActiveCfg = Debug|Any CPU
		{EA80A8FA-2166-4934-ACCD-9727AC81E9E3}.Debug|Any CPU.Build.0 = Debug|Any CPU
		{EA80A8FA-2166-4934-ACCD-9727AC81E9E3}.Debug|x64.ActiveCfg = Debug|Any CPU
		{EA80A8FA-2166-4934-ACCD-9727AC81E9E3}.Debug|x64.Build.0 = Debug|Any CPU
		{EA80A8FA-2166-4934-ACCD-9727AC81E9E3}.Debug|x86.ActiveCfg = Debug|Any CPU
		{EA80A8FA-2166-4934-ACCD-9727AC81E9E3}.Debug|x86.Build.0 = Debug|Any CPU
		{EA80A8FA-2166-4934-ACCD-9727AC81E9E3}.Release|Any CPU.ActiveCfg = Release|Any CPU
		{EA80A8FA-2166-4934-ACCD-9727AC81E9E3}.Release|Any CPU.Build.0 = Release|Any CPU
		{EA80A8FA-2166-4934-ACCD-9727AC81E9E3}.Release|x64.ActiveCfg = Release|Any CPU
		{EA80A8FA-2166-4934-ACCD-9727AC81E9E3}.Release|x64.Build.0 = Release|Any CPU
		{EA80A8FA-2166-4934-ACCD-9727AC81E9E3}.Release|x86.ActiveCfg = Release|Any CPU
		{EA80A8FA-2166-4934-ACCD-9727AC81E9E3}.Release|x86.Build.0 = Release|Any CPU
		{8F46C700-46B8-466B-B4B3-5D6C5E777CA3}.Debug|Any CPU.ActiveCfg = Debug|Any CPU
		{8F46C700-46B8-466B-B4B3-5D6C5E777CA3}.Debug|Any CPU.Build.0 = Debug|Any CPU
		{8F46C700-46B8-466B-B4B3-5D6C5E777CA3}.Debug|x64.ActiveCfg = Debug|Any CPU
		{8F46C700-46B8-466B-B4B3-5D6C5E777CA3}.Debug|x64.Build.0 = Debug|Any CPU
		{8F46C700-46B8-466B-B4B3-5D6C5E777CA3}.Debug|x86.ActiveCfg = Debug|Any CPU
		{8F46C700-46B8-466B-B4B3-5D6C5E777CA3}.Debug|x86.Build.0 = Debug|Any CPU
		{8F46C700-46B8-466B-B4B3-5D6C5E777CA3}.Release|Any CPU.ActiveCfg = Release|Any CPU
		{8F46C700-46B8-466B-B4B3-5D6C5E777CA3}.Release|Any CPU.Build.0 = Release|Any CPU
		{8F46C700-46B8-466B-B4B3-5D6C5E777CA3}.Release|x64.ActiveCfg = Release|Any CPU
		{8F46C700-46B8-466B-B4B3-5D6C5E777CA3}.Release|x64.Build.0 = Release|Any CPU
		{8F46C700-46B8-466B-B4B3-5D6C5E777CA3}.Release|x86.ActiveCfg = Release|Any CPU
		{8F46C700-46B8-466B-B4B3-5D6C5E777CA3}.Release|x86.Build.0 = Release|Any CPU
		{CBD36BF3-8BBD-4F18-91CA-1B2B4E273B05}.Debug|Any CPU.ActiveCfg = Debug|Any CPU
		{CBD36BF3-8BBD-4F18-91CA-1B2B4E273B05}.Debug|Any CPU.Build.0 = Debug|Any CPU
		{CBD36BF3-8BBD-4F18-91CA-1B2B4E273B05}.Debug|x64.ActiveCfg = Debug|Any CPU
		{CBD36BF3-8BBD-4F18-91CA-1B2B4E273B05}.Debug|x64.Build.0 = Debug|Any CPU
		{CBD36BF3-8BBD-4F18-91CA-1B2B4E273B05}.Debug|x86.ActiveCfg = Debug|Any CPU
		{CBD36BF3-8BBD-4F18-91CA-1B2B4E273B05}.Debug|x86.Build.0 = Debug|Any CPU
		{CBD36BF3-8BBD-4F18-91CA-1B2B4E273B05}.Release|Any CPU.ActiveCfg = Release|Any CPU
		{CBD36BF3-8BBD-4F18-91CA-1B2B4E273B05}.Release|Any CPU.Build.0 = Release|Any CPU
		{CBD36BF3-8BBD-4F18-91CA-1B2B4E273B05}.Release|x64.ActiveCfg = Release|Any CPU
		{CBD36BF3-8BBD-4F18-91CA-1B2B4E273B05}.Release|x64.Build.0 = Release|Any CPU
		{CBD36BF3-8BBD-4F18-91CA-1B2B4E273B05}.Release|x86.ActiveCfg = Release|Any CPU
		{CBD36BF3-8BBD-4F18-91CA-1B2B4E273B05}.Release|x86.Build.0 = Release|Any CPU
		{B56D8775-D260-41F4-993E-37C20E95E062}.Debug|Any CPU.ActiveCfg = Debug|Any CPU
		{B56D8775-D260-41F4-993E-37C20E95E062}.Debug|Any CPU.Build.0 = Debug|Any CPU
		{B56D8775-D260-41F4-993E-37C20E95E062}.Debug|x64.ActiveCfg = Debug|Any CPU
		{B56D8775-D260-41F4-993E-37C20E95E062}.Debug|x64.Build.0 = Debug|Any CPU
		{B56D8775-D260-41F4-993E-37C20E95E062}.Debug|x86.ActiveCfg = Debug|Any CPU
		{B56D8775-D260-41F4-993E-37C20E95E062}.Debug|x86.Build.0 = Debug|Any CPU
		{B56D8775-D260-41F4-993E-37C20E95E062}.Release|Any CPU.ActiveCfg = Release|Any CPU
		{B56D8775-D260-41F4-993E-37C20E95E062}.Release|Any CPU.Build.0 = Release|Any CPU
		{B56D8775-D260-41F4-993E-37C20E95E062}.Release|x64.ActiveCfg = Release|Any CPU
		{B56D8775-D260-41F4-993E-37C20E95E062}.Release|x64.Build.0 = Release|Any CPU
		{B56D8775-D260-41F4-993E-37C20E95E062}.Release|x86.ActiveCfg = Release|Any CPU
		{B56D8775-D260-41F4-993E-37C20E95E062}.Release|x86.Build.0 = Release|Any CPU
		{671D5355-D818-428A-8991-88AF52038483}.Debug|Any CPU.ActiveCfg = Debug|Any CPU
		{671D5355-D818-428A-8991-88AF52038483}.Debug|Any CPU.Build.0 = Debug|Any CPU
		{671D5355-D818-428A-8991-88AF52038483}.Debug|x64.ActiveCfg = Debug|Any CPU
		{671D5355-D818-428A-8991-88AF52038483}.Debug|x64.Build.0 = Debug|Any CPU
		{671D5355-D818-428A-8991-88AF52038483}.Debug|x86.ActiveCfg = Debug|Any CPU
		{671D5355-D818-428A-8991-88AF52038483}.Debug|x86.Build.0 = Debug|Any CPU
		{671D5355-D818-428A-8991-88AF52038483}.Release|Any CPU.ActiveCfg = Release|Any CPU
		{671D5355-D818-428A-8991-88AF52038483}.Release|Any CPU.Build.0 = Release|Any CPU
		{671D5355-D818-428A-8991-88AF52038483}.Release|x64.ActiveCfg = Release|Any CPU
		{671D5355-D818-428A-8991-88AF52038483}.Release|x64.Build.0 = Release|Any CPU
		{671D5355-D818-428A-8991-88AF52038483}.Release|x86.ActiveCfg = Release|Any CPU
		{671D5355-D818-428A-8991-88AF52038483}.Release|x86.Build.0 = Release|Any CPU
		{31411E8B-E604-426F-BE73-1504E8AB6265}.Debug|Any CPU.ActiveCfg = Debug|Any CPU
		{31411E8B-E604-426F-BE73-1504E8AB6265}.Debug|Any CPU.Build.0 = Debug|Any CPU
		{31411E8B-E604-426F-BE73-1504E8AB6265}.Debug|x64.ActiveCfg = Debug|Any CPU
		{31411E8B-E604-426F-BE73-1504E8AB6265}.Debug|x64.Build.0 = Debug|Any CPU
		{31411E8B-E604-426F-BE73-1504E8AB6265}.Debug|x86.ActiveCfg = Debug|Any CPU
		{31411E8B-E604-426F-BE73-1504E8AB6265}.Debug|x86.Build.0 = Debug|Any CPU
		{31411E8B-E604-426F-BE73-1504E8AB6265}.Release|Any CPU.ActiveCfg = Release|Any CPU
		{31411E8B-E604-426F-BE73-1504E8AB6265}.Release|Any CPU.Build.0 = Release|Any CPU
		{31411E8B-E604-426F-BE73-1504E8AB6265}.Release|x64.ActiveCfg = Release|Any CPU
		{31411E8B-E604-426F-BE73-1504E8AB6265}.Release|x64.Build.0 = Release|Any CPU
		{31411E8B-E604-426F-BE73-1504E8AB6265}.Release|x86.ActiveCfg = Release|Any CPU
		{31411E8B-E604-426F-BE73-1504E8AB6265}.Release|x86.Build.0 = Release|Any CPU
		{A842B64F-7B71-4B3D-8C0B-D18864584EE7}.Debug|Any CPU.ActiveCfg = Debug|Any CPU
		{A842B64F-7B71-4B3D-8C0B-D18864584EE7}.Debug|Any CPU.Build.0 = Debug|Any CPU
		{A842B64F-7B71-4B3D-8C0B-D18864584EE7}.Debug|x64.ActiveCfg = Debug|Any CPU
		{A842B64F-7B71-4B3D-8C0B-D18864584EE7}.Debug|x64.Build.0 = Debug|Any CPU
		{A842B64F-7B71-4B3D-8C0B-D18864584EE7}.Debug|x86.ActiveCfg = Debug|Any CPU
		{A842B64F-7B71-4B3D-8C0B-D18864584EE7}.Debug|x86.Build.0 = Debug|Any CPU
		{A842B64F-7B71-4B3D-8C0B-D18864584EE7}.Release|Any CPU.ActiveCfg = Release|Any CPU
		{A842B64F-7B71-4B3D-8C0B-D18864584EE7}.Release|Any CPU.Build.0 = Release|Any CPU
		{A842B64F-7B71-4B3D-8C0B-D18864584EE7}.Release|x64.ActiveCfg = Release|Any CPU
		{A842B64F-7B71-4B3D-8C0B-D18864584EE7}.Release|x64.Build.0 = Release|Any CPU
		{A842B64F-7B71-4B3D-8C0B-D18864584EE7}.Release|x86.ActiveCfg = Release|Any CPU
		{A842B64F-7B71-4B3D-8C0B-D18864584EE7}.Release|x86.Build.0 = Release|Any CPU
		{9FDB84A3-AC99-49E0-AF43-393C8C4993D1}.Debug|Any CPU.ActiveCfg = Debug|Any CPU
		{9FDB84A3-AC99-49E0-AF43-393C8C4993D1}.Debug|Any CPU.Build.0 = Debug|Any CPU
		{9FDB84A3-AC99-49E0-AF43-393C8C4993D1}.Debug|x64.ActiveCfg = Debug|Any CPU
		{9FDB84A3-AC99-49E0-AF43-393C8C4993D1}.Debug|x64.Build.0 = Debug|Any CPU
		{9FDB84A3-AC99-49E0-AF43-393C8C4993D1}.Debug|x86.ActiveCfg = Debug|Any CPU
		{9FDB84A3-AC99-49E0-AF43-393C8C4993D1}.Debug|x86.Build.0 = Debug|Any CPU
		{9FDB84A3-AC99-49E0-AF43-393C8C4993D1}.Release|Any CPU.ActiveCfg = Release|Any CPU
		{9FDB84A3-AC99-49E0-AF43-393C8C4993D1}.Release|Any CPU.Build.0 = Release|Any CPU
		{9FDB84A3-AC99-49E0-AF43-393C8C4993D1}.Release|x64.ActiveCfg = Release|Any CPU
		{9FDB84A3-AC99-49E0-AF43-393C8C4993D1}.Release|x64.Build.0 = Release|Any CPU
		{9FDB84A3-AC99-49E0-AF43-393C8C4993D1}.Release|x86.ActiveCfg = Release|Any CPU
		{9FDB84A3-AC99-49E0-AF43-393C8C4993D1}.Release|x86.Build.0 = Release|Any CPU
		{91F354D3-C92D-4DC3-8000-94BC4B63440B}.Debug|Any CPU.ActiveCfg = Debug|Any CPU
		{91F354D3-C92D-4DC3-8000-94BC4B63440B}.Debug|Any CPU.Build.0 = Debug|Any CPU
		{91F354D3-C92D-4DC3-8000-94BC4B63440B}.Debug|x64.ActiveCfg = Debug|Any CPU
		{91F354D3-C92D-4DC3-8000-94BC4B63440B}.Debug|x64.Build.0 = Debug|Any CPU
		{91F354D3-C92D-4DC3-8000-94BC4B63440B}.Debug|x86.ActiveCfg = Debug|Any CPU
		{91F354D3-C92D-4DC3-8000-94BC4B63440B}.Debug|x86.Build.0 = Debug|Any CPU
		{91F354D3-C92D-4DC3-8000-94BC4B63440B}.Release|Any CPU.ActiveCfg = Release|Any CPU
		{91F354D3-C92D-4DC3-8000-94BC4B63440B}.Release|Any CPU.Build.0 = Release|Any CPU
		{91F354D3-C92D-4DC3-8000-94BC4B63440B}.Release|x64.ActiveCfg = Release|Any CPU
		{91F354D3-C92D-4DC3-8000-94BC4B63440B}.Release|x64.Build.0 = Release|Any CPU
		{91F354D3-C92D-4DC3-8000-94BC4B63440B}.Release|x86.ActiveCfg = Release|Any CPU
		{91F354D3-C92D-4DC3-8000-94BC4B63440B}.Release|x86.Build.0 = Release|Any CPU
	EndGlobalSection
	GlobalSection(SolutionProperties) = preSolution
		HideSolutionNode = FALSE
	EndGlobalSection
	GlobalSection(ExtensibilityGlobals) = postSolution
		SolutionGuid = {5C0F2D80-0326-41E0-8697-FFDAE43860B8}
	EndGlobalSection
EndGlobal
